// !$*UTF8*$!
{
	archiveVersion = 1;
	classes = {
	};
	objectVersion = 46;
	objects = {

/* Begin PBXBuildFile section */
		33141BB91D6A90D800F69D54 /* main.m in Sources */ = {isa = PBXBuildFile; fileRef = 33141BB81D6A90D800F69D54 /* main.m */; };
		33141BBC1D6A90D800F69D54 /* AppDelegate.m in Sources */ = {isa = PBXBuildFile; fileRef = 33141BBB1D6A90D800F69D54 /* AppDelegate.m */; };
		33141BBF1D6A90D800F69D54 /* ViewController.m in Sources */ = {isa = PBXBuildFile; fileRef = 33141BBE1D6A90D800F69D54 /* ViewController.m */; };
		33141BC21D6A90D800F69D54 /* Main.storyboard in Resources */ = {isa = PBXBuildFile; fileRef = 33141BC01D6A90D800F69D54 /* Main.storyboard */; };
		33141BC41D6A90D800F69D54 /* Assets.xcassets in Resources */ = {isa = PBXBuildFile; fileRef = 33141BC31D6A90D800F69D54 /* Assets.xcassets */; };
		33141BC71D6A90D800F69D54 /* LaunchScreen.storyboard in Resources */ = {isa = PBXBuildFile; fileRef = 33141BC51D6A90D800F69D54 /* LaunchScreen.storyboard */; };
		33141BE41D6A92A900F69D54 /* WWAvatarPicker.m in Sources */ = {isa = PBXBuildFile; fileRef = 33141BD01D6A92A900F69D54 /* WWAvatarPicker.m */; };
		33141C051D6AA73E00F69D54 /* CGGeometry+RSKImageCropper.m in Sources */ = {isa = PBXBuildFile; fileRef = 33141BF41D6AA73E00F69D54 /* CGGeometry+RSKImageCropper.m */; };
		33141C061D6AA73E00F69D54 /* RSKImageCropperStrings.bundle in Resources */ = {isa = PBXBuildFile; fileRef = 33141BF71D6AA73E00F69D54 /* RSKImageCropperStrings.bundle */; };
		33141C071D6AA73E00F69D54 /* RSKImageCropViewController.m in Sources */ = {isa = PBXBuildFile; fileRef = 33141BF91D6AA73E00F69D54 /* RSKImageCropViewController.m */; };
		33141C081D6AA73E00F69D54 /* RSKImageScrollView.m in Sources */ = {isa = PBXBuildFile; fileRef = 33141BFC1D6AA73E00F69D54 /* RSKImageScrollView.m */; };
		33141C091D6AA73E00F69D54 /* RSKInternalUtility.m in Sources */ = {isa = PBXBuildFile; fileRef = 33141BFE1D6AA73E00F69D54 /* RSKInternalUtility.m */; };
		33141C0A1D6AA73E00F69D54 /* RSKTouchView.m in Sources */ = {isa = PBXBuildFile; fileRef = 33141C001D6AA73E00F69D54 /* RSKTouchView.m */; };
		33141C0B1D6AA73E00F69D54 /* UIApplication+RSKImageCropper.m in Sources */ = {isa = PBXBuildFile; fileRef = 33141C021D6AA73E00F69D54 /* UIApplication+RSKImageCropper.m */; };
		33141C0C1D6AA73E00F69D54 /* UIImage+RSKImageCropper.m in Sources */ = {isa = PBXBuildFile; fileRef = 33141C041D6AA73E00F69D54 /* UIImage+RSKImageCropper.m */; };
		43FDE77B9B2793E165195B92 /* libPods-WWAvatarPicker.a in Frameworks */ = {isa = PBXBuildFile; fileRef = 01B090D47B4EB684468C046D /* libPods-WWAvatarPicker.a */; };
/* End PBXBuildFile section */

/* Begin PBXFileReference section */
		01B090D47B4EB684468C046D /* libPods-WWAvatarPicker.a */ = {isa = PBXFileReference; explicitFileType = archive.ar; includeInIndex = 0; path = "libPods-WWAvatarPicker.a"; sourceTree = BUILT_PRODUCTS_DIR; };
		33141BB41D6A90D800F69D54 /* WWAvatarPicker.app */ = {isa = PBXFileReference; explicitFileType = wrapper.application; includeInIndex = 0; path = WWAvatarPicker.app; sourceTree = BUILT_PRODUCTS_DIR; };
		33141BB81D6A90D800F69D54 /* main.m */ = {isa = PBXFileReference; lastKnownFileType = sourcecode.c.objc; path = main.m; sourceTree = "<group>"; };
		33141BBA1D6A90D800F69D54 /* AppDelegate.h */ = {isa = PBXFileReference; lastKnownFileType = sourcecode.c.h; path = AppDelegate.h; sourceTree = "<group>"; };
		33141BBB1D6A90D800F69D54 /* AppDelegate.m */ = {isa = PBXFileReference; lastKnownFileType = sourcecode.c.objc; path = AppDelegate.m; sourceTree = "<group>"; };
		33141BBD1D6A90D800F69D54 /* ViewController.h */ = {isa = PBXFileReference; lastKnownFileType = sourcecode.c.h; path = ViewController.h; sourceTree = "<group>"; };
		33141BBE1D6A90D800F69D54 /* ViewController.m */ = {isa = PBXFileReference; lastKnownFileType = sourcecode.c.objc; path = ViewController.m; sourceTree = "<group>"; };
		33141BC11D6A90D800F69D54 /* Base */ = {isa = PBXFileReference; lastKnownFileType = file.storyboard; name = Base; path = Base.lproj/Main.storyboard; sourceTree = "<group>"; };
		33141BC31D6A90D800F69D54 /* Assets.xcassets */ = {isa = PBXFileReference; lastKnownFileType = folder.assetcatalog; path = Assets.xcassets; sourceTree = "<group>"; };
		33141BC61D6A90D800F69D54 /* Base */ = {isa = PBXFileReference; lastKnownFileType = file.storyboard; name = Base; path = Base.lproj/LaunchScreen.storyboard; sourceTree = "<group>"; };
		33141BC81D6A90D800F69D54 /* Info.plist */ = {isa = PBXFileReference; lastKnownFileType = text.plist.xml; path = Info.plist; sourceTree = "<group>"; };
		33141BCF1D6A92A900F69D54 /* WWAvatarPicker.h */ = {isa = PBXFileReference; fileEncoding = 4; lastKnownFileType = sourcecode.c.h; path = WWAvatarPicker.h; sourceTree = "<group>"; };
		33141BD01D6A92A900F69D54 /* WWAvatarPicker.m */ = {isa = PBXFileReference; fileEncoding = 4; lastKnownFileType = sourcecode.c.objc; path = WWAvatarPicker.m; sourceTree = "<group>"; };
		33141BF31D6AA73E00F69D54 /* CGGeometry+RSKImageCropper.h */ = {isa = PBXFileReference; fileEncoding = 4; lastKnownFileType = sourcecode.c.h; path = "CGGeometry+RSKImageCropper.h"; sourceTree = "<group>"; };
		33141BF41D6AA73E00F69D54 /* CGGeometry+RSKImageCropper.m */ = {isa = PBXFileReference; fileEncoding = 4; lastKnownFileType = sourcecode.c.objc; path = "CGGeometry+RSKImageCropper.m"; sourceTree = "<group>"; };
		33141BF51D6AA73E00F69D54 /* module.modulemap */ = {isa = PBXFileReference; fileEncoding = 4; lastKnownFileType = "sourcecode.module-map"; path = module.modulemap; sourceTree = "<group>"; };
		33141BF61D6AA73E00F69D54 /* RSKImageCropper.h */ = {isa = PBXFileReference; fileEncoding = 4; lastKnownFileType = sourcecode.c.h; path = RSKImageCropper.h; sourceTree = "<group>"; };
		33141BF71D6AA73E00F69D54 /* RSKImageCropperStrings.bundle */ = {isa = PBXFileReference; lastKnownFileType = "wrapper.plug-in"; path = RSKImageCropperStrings.bundle; sourceTree = "<group>"; };
		33141BF81D6AA73E00F69D54 /* RSKImageCropViewController.h */ = {isa = PBXFileReference; fileEncoding = 4; lastKnownFileType = sourcecode.c.h; path = RSKImageCropViewController.h; sourceTree = "<group>"; };
		33141BF91D6AA73E00F69D54 /* RSKImageCropViewController.m */ = {isa = PBXFileReference; fileEncoding = 4; lastKnownFileType = sourcecode.c.objc; path = RSKImageCropViewController.m; sourceTree = "<group>"; };
		33141BFA1D6AA73E00F69D54 /* RSKImageCropViewController+Protected.h */ = {isa = PBXFileReference; fileEncoding = 4; lastKnownFileType = sourcecode.c.h; path = "RSKImageCropViewController+Protected.h"; sourceTree = "<group>"; };
		33141BFB1D6AA73E00F69D54 /* RSKImageScrollView.h */ = {isa = PBXFileReference; fileEncoding = 4; lastKnownFileType = sourcecode.c.h; path = RSKImageScrollView.h; sourceTree = "<group>"; };
		33141BFC1D6AA73E00F69D54 /* RSKImageScrollView.m */ = {isa = PBXFileReference; fileEncoding = 4; lastKnownFileType = sourcecode.c.objc; path = RSKImageScrollView.m; sourceTree = "<group>"; };
		33141BFD1D6AA73E00F69D54 /* RSKInternalUtility.h */ = {isa = PBXFileReference; fileEncoding = 4; lastKnownFileType = sourcecode.c.h; path = RSKInternalUtility.h; sourceTree = "<group>"; };
		33141BFE1D6AA73E00F69D54 /* RSKInternalUtility.m */ = {isa = PBXFileReference; fileEncoding = 4; lastKnownFileType = sourcecode.c.objc; path = RSKInternalUtility.m; sourceTree = "<group>"; };
		33141BFF1D6AA73E00F69D54 /* RSKTouchView.h */ = {isa = PBXFileReference; fileEncoding = 4; lastKnownFileType = sourcecode.c.h; path = RSKTouchView.h; sourceTree = "<group>"; };
		33141C001D6AA73E00F69D54 /* RSKTouchView.m */ = {isa = PBXFileReference; fileEncoding = 4; lastKnownFileType = sourcecode.c.objc; path = RSKTouchView.m; sourceTree = "<group>"; };
		33141C011D6AA73E00F69D54 /* UIApplication+RSKImageCropper.h */ = {isa = PBXFileReference; fileEncoding = 4; lastKnownFileType = sourcecode.c.h; path = "UIApplication+RSKImageCropper.h"; sourceTree = "<group>"; };
		33141C021D6AA73E00F69D54 /* UIApplication+RSKImageCropper.m */ = {isa = PBXFileReference; fileEncoding = 4; lastKnownFileType = sourcecode.c.objc; path = "UIApplication+RSKImageCropper.m"; sourceTree = "<group>"; };
		33141C031D6AA73E00F69D54 /* UIImage+RSKImageCropper.h */ = {isa = PBXFileReference; fileEncoding = 4; lastKnownFileType = sourcecode.c.h; path = "UIImage+RSKImageCropper.h"; sourceTree = "<group>"; };
		33141C041D6AA73E00F69D54 /* UIImage+RSKImageCropper.m */ = {isa = PBXFileReference; fileEncoding = 4; lastKnownFileType = sourcecode.c.objc; path = "UIImage+RSKImageCropper.m"; sourceTree = "<group>"; };
		A6392CEDCEA04429B26238BE /* Pods-WWAvatarPicker.debug.xcconfig */ = {isa = PBXFileReference; includeInIndex = 1; lastKnownFileType = text.xcconfig; name = "Pods-WWAvatarPicker.debug.xcconfig"; path = "Pods/Target Support Files/Pods-WWAvatarPicker/Pods-WWAvatarPicker.debug.xcconfig"; sourceTree = "<group>"; };
		D872D8B46929E0AF5588BC6A /* Pods-WWAvatarPicker.release.xcconfig */ = {isa = PBXFileReference; includeInIndex = 1; lastKnownFileType = text.xcconfig; name = "Pods-WWAvatarPicker.release.xcconfig"; path = "Pods/Target Support Files/Pods-WWAvatarPicker/Pods-WWAvatarPicker.release.xcconfig"; sourceTree = "<group>"; };
/* End PBXFileReference section */

/* Begin PBXFrameworksBuildPhase section */
		33141BB11D6A90D800F69D54 /* Frameworks */ = {
			isa = PBXFrameworksBuildPhase;
			buildActionMask = 2147483647;
			files = (
				43FDE77B9B2793E165195B92 /* libPods-WWAvatarPicker.a in Frameworks */,
			);
			runOnlyForDeploymentPostprocessing = 0;
		};
/* End PBXFrameworksBuildPhase section */

/* Begin PBXGroup section */
		33141BAB1D6A90D800F69D54 = {
			isa = PBXGroup;
			children = (
				33141BB61D6A90D800F69D54 /* WWAvatarPicker */,
				33141BB51D6A90D800F69D54 /* Products */,
				B59FC32CE9D69119AE700607 /* Pods */,
				C557FF4082EE43072FAA8792 /* Frameworks */,
			);
			sourceTree = "<group>";
		};
		33141BB51D6A90D800F69D54 /* Products */ = {
			isa = PBXGroup;
			children = (
				33141BB41D6A90D800F69D54 /* WWAvatarPicker.app */,
			);
			name = Products;
			sourceTree = "<group>";
		};
		33141BB61D6A90D800F69D54 /* WWAvatarPicker */ = {
			isa = PBXGroup;
			children = (
				33141BCE1D6A92A900F69D54 /* imagePicker */,
				33141BBA1D6A90D800F69D54 /* AppDelegate.h */,
				33141BBB1D6A90D800F69D54 /* AppDelegate.m */,
				33141BBD1D6A90D800F69D54 /* ViewController.h */,
				33141BBE1D6A90D800F69D54 /* ViewController.m */,
				33141BC01D6A90D800F69D54 /* Main.storyboard */,
				33141BC31D6A90D800F69D54 /* Assets.xcassets */,
				33141BC51D6A90D800F69D54 /* LaunchScreen.storyboard */,
				33141BC81D6A90D800F69D54 /* Info.plist */,
				33141BB71D6A90D800F69D54 /* Supporting Files */,
			);
			path = WWAvatarPicker;
			sourceTree = "<group>";
		};
		33141BB71D6A90D800F69D54 /* Supporting Files */ = {
			isa = PBXGroup;
			children = (
				33141BB81D6A90D800F69D54 /* main.m */,
			);
			name = "Supporting Files";
			sourceTree = "<group>";
		};
		33141BCE1D6A92A900F69D54 /* imagePicker */ = {
			isa = PBXGroup;
			children = (
				33141BF31D6AA73E00F69D54 /* CGGeometry+RSKImageCropper.h */,
				33141BF41D6AA73E00F69D54 /* CGGeometry+RSKImageCropper.m */,
				33141BF51D6AA73E00F69D54 /* module.modulemap */,
				33141BF61D6AA73E00F69D54 /* RSKImageCropper.h */,
				33141BF71D6AA73E00F69D54 /* RSKImageCropperStrings.bundle */,
				33141BF81D6AA73E00F69D54 /* RSKImageCropViewController.h */,
				33141BF91D6AA73E00F69D54 /* RSKImageCropViewController.m */,
				33141BFA1D6AA73E00F69D54 /* RSKImageCropViewController+Protected.h */,
				33141BFB1D6AA73E00F69D54 /* RSKImageScrollView.h */,
				33141BFC1D6AA73E00F69D54 /* RSKImageScrollView.m */,
				33141BFD1D6AA73E00F69D54 /* RSKInternalUtility.h */,
				33141BFE1D6AA73E00F69D54 /* RSKInternalUtility.m */,
				33141BFF1D6AA73E00F69D54 /* RSKTouchView.h */,
				33141C001D6AA73E00F69D54 /* RSKTouchView.m */,
				33141C011D6AA73E00F69D54 /* UIApplication+RSKImageCropper.h */,
				33141C021D6AA73E00F69D54 /* UIApplication+RSKImageCropper.m */,
				33141C031D6AA73E00F69D54 /* UIImage+RSKImageCropper.h */,
				33141C041D6AA73E00F69D54 /* UIImage+RSKImageCropper.m */,
				33141BCF1D6A92A900F69D54 /* WWAvatarPicker.h */,
				33141BD01D6A92A900F69D54 /* WWAvatarPicker.m */,
			);
			path = imagePicker;
			sourceTree = "<group>";
		};
		B59FC32CE9D69119AE700607 /* Pods */ = {
			isa = PBXGroup;
			children = (
				A6392CEDCEA04429B26238BE /* Pods-WWAvatarPicker.debug.xcconfig */,
				D872D8B46929E0AF5588BC6A /* Pods-WWAvatarPicker.release.xcconfig */,
			);
			name = Pods;
			sourceTree = "<group>";
		};
		C557FF4082EE43072FAA8792 /* Frameworks */ = {
			isa = PBXGroup;
			children = (
				01B090D47B4EB684468C046D /* libPods-WWAvatarPicker.a */,
			);
			name = Frameworks;
			sourceTree = "<group>";
		};
/* End PBXGroup section */

/* Begin PBXNativeTarget section */
		33141BB31D6A90D800F69D54 /* WWAvatarPicker */ = {
			isa = PBXNativeTarget;
			buildConfigurationList = 33141BCB1D6A90D800F69D54 /* Build configuration list for PBXNativeTarget "WWAvatarPicker" */;
			buildPhases = (
				F436210312D159E53935D448 /* [CP] Check Pods Manifest.lock */,
				33141BB01D6A90D800F69D54 /* Sources */,
				33141BB11D6A90D800F69D54 /* Frameworks */,
				33141BB21D6A90D800F69D54 /* Resources */,
				2817E656C7892B5409532957 /* [CP] Embed Pods Frameworks */,
				015226EA78AD367B5C0BC6A4 /* [CP] Copy Pods Resources */,
			);
			buildRules = (
			);
			dependencies = (
			);
			name = WWAvatarPicker;
			productName = WWAvatarPicker;
			productReference = 33141BB41D6A90D800F69D54 /* WWAvatarPicker.app */;
			productType = "com.apple.product-type.application";
		};
/* End PBXNativeTarget section */

/* Begin PBXProject section */
		33141BAC1D6A90D800F69D54 /* Project object */ = {
			isa = PBXProject;
			attributes = {
				LastUpgradeCheck = 0730;
				ORGANIZATIONNAME = waiwai;
				TargetAttributes = {
					33141BB31D6A90D800F69D54 = {
						CreatedOnToolsVersion = 7.3.1;
					};
				};
			};
			buildConfigurationList = 33141BAF1D6A90D800F69D54 /* Build configuration list for PBXProject "WWAvatarPicker" */;
			compatibilityVersion = "Xcode 3.2";
			developmentRegion = English;
			hasScannedForEncodings = 0;
			knownRegions = (
				en,
				Base,
			);
			mainGroup = 33141BAB1D6A90D800F69D54;
			productRefGroup = 33141BB51D6A90D800F69D54 /* Products */;
			projectDirPath = "";
			projectRoot = "";
			targets = (
				33141BB31D6A90D800F69D54 /* WWAvatarPicker */,
			);
		};
/* End PBXProject section */

/* Begin PBXResourcesBuildPhase section */
		33141BB21D6A90D800F69D54 /* Resources */ = {
			isa = PBXResourcesBuildPhase;
			buildActionMask = 2147483647;
			files = (
				33141BC71D6A90D800F69D54 /* LaunchScreen.storyboard in Resources */,
				33141C061D6AA73E00F69D54 /* RSKImageCropperStrings.bundle in Resources */,
				33141BC41D6A90D800F69D54 /* Assets.xcassets in Resources */,
				33141BC21D6A90D800F69D54 /* Main.storyboard in Resources */,
			);
			runOnlyForDeploymentPostprocessing = 0;
		};
/* End PBXResourcesBuildPhase section */

/* Begin PBXShellScriptBuildPhase section */
		015226EA78AD367B5C0BC6A4 /* [CP] Copy Pods Resources */ = {
			isa = PBXShellScriptBuildPhase;
			buildActionMask = 2147483647;
			files = (
			);
			inputPaths = (
			);
			name = "[CP] Copy Pods Resources";
			outputPaths = (
			);
			runOnlyForDeploymentPostprocessing = 0;
			shellPath = /bin/sh;
			shellScript = "\"${SRCROOT}/Pods/Target Support Files/Pods-WWAvatarPicker/Pods-WWAvatarPicker-resources.sh\"\n";
			showEnvVarsInLog = 0;
		};
		2817E656C7892B5409532957 /* [CP] Embed Pods Frameworks */ = {
			isa = PBXShellScriptBuildPhase;
			buildActionMask = 2147483647;
			files = (
			);
			inputPaths = (
			);
			name = "[CP] Embed Pods Frameworks";
			outputPaths = (
			);
			runOnlyForDeploymentPostprocessing = 0;
			shellPath = /bin/sh;
			shellScript = "\"${SRCROOT}/Pods/Target Support Files/Pods-WWAvatarPicker/Pods-WWAvatarPicker-frameworks.sh\"\n";
			showEnvVarsInLog = 0;
		};
		F436210312D159E53935D448 /* [CP] Check Pods Manifest.lock */ = {
			isa = PBXShellScriptBuildPhase;
			buildActionMask = 2147483647;
			files = (
			);
			inputPaths = (
			);
			name = "[CP] Check Pods Manifest.lock";
			outputPaths = (
			);
			runOnlyForDeploymentPostprocessing = 0;
			shellPath = /bin/sh;
			shellScript = "diff \"${PODS_ROOT}/../Podfile.lock\" \"${PODS_ROOT}/Manifest.lock\" > /dev/null\nif [[ $? != 0 ]] ; then\n    cat << EOM\nerror: The sandbox is not in sync with the Podfile.lock. Run 'pod install' or update your CocoaPods installation.\nEOM\n    exit 1\nfi\n";
			showEnvVarsInLog = 0;
		};
/* End PBXShellScriptBuildPhase section */

/* Begin PBXSourcesBuildPhase section */
		33141BB01D6A90D800F69D54 /* Sources */ = {
			isa = PBXSourcesBuildPhase;
			buildActionMask = 2147483647;
			files = (
				33141C091D6AA73E00F69D54 /* RSKInternalUtility.m in Sources */,
				33141BE41D6A92A900F69D54 /* WWAvatarPicker.m in Sources */,
				33141C081D6AA73E00F69D54 /* RSKImageScrollView.m in Sources */,
				33141C051D6AA73E00F69D54 /* CGGeometry+RSKImageCropper.m in Sources */,
				33141BBF1D6A90D800F69D54 /* ViewController.m in Sources */,
				33141C0B1D6AA73E00F69D54 /* UIApplication+RSKImageCropper.m in Sources */,
				33141C071D6AA73E00F69D54 /* RSKImageCropViewController.m in Sources */,
				33141C0A1D6AA73E00F69D54 /* RSKTouchView.m in Sources */,
				33141BBC1D6A90D800F69D54 /* AppDelegate.m in Sources */,
				33141BB91D6A90D800F69D54 /* main.m in Sources */,
				33141C0C1D6AA73E00F69D54 /* UIImage+RSKImageCropper.m in Sources */,
			);
			runOnlyForDeploymentPostprocessing = 0;
		};
/* End PBXSourcesBuildPhase section */

/* Begin PBXVariantGroup section */
		33141BC01D6A90D800F69D54 /* Main.storyboard */ = {
			isa = PBXVariantGroup;
			children = (
				33141BC11D6A90D800F69D54 /* Base */,
			);
			name = Main.storyboard;
			sourceTree = "<group>";
		};
		33141BC51D6A90D800F69D54 /* LaunchScreen.storyboard */ = {
			isa = PBXVariantGroup;
			children = (
				33141BC61D6A90D800F69D54 /* Base */,
			);
			name = LaunchScreen.storyboard;
			sourceTree = "<group>";
		};
/* End PBXVariantGroup section */

/* Begin XCBuildConfiguration section */
		33141BC91D6A90D800F69D54 /* Debug */ = {
			isa = XCBuildConfiguration;
			buildSettings = {
				ALWAYS_SEARCH_USER_PATHS = NO;
				CLANG_ANALYZER_NONNULL = YES;
				CLANG_CXX_LANGUAGE_STANDARD = "gnu++0x";
				CLANG_CXX_LIBRARY = "libc++";
				CLANG_ENABLE_MODULES = YES;
				CLANG_ENABLE_OBJC_ARC = YES;
				CLANG_WARN_BOOL_CONVERSION = YES;
				CLANG_WARN_CONSTANT_CONVERSION = YES;
				CLANG_WARN_DIRECT_OBJC_ISA_USAGE = YES_ERROR;
				CLANG_WARN_EMPTY_BODY = YES;
				CLANG_WARN_ENUM_CONVERSION = YES;
				CLANG_WARN_INT_CONVERSION = YES;
				CLANG_WARN_OBJC_ROOT_CLASS = YES_ERROR;
				CLANG_WARN_UNREACHABLE_CODE = YES;
				CLANG_WARN__DUPLICATE_METHOD_MATCH = YES;
				"CODE_SIGN_IDENTITY[sdk=iphoneos*]" = "iPhone Developer";
				COPY_PHASE_STRIP = NO;
				DEBUG_INFORMATION_FORMAT = dwarf;
				ENABLE_STRICT_OBJC_MSGSEND = YES;
				ENABLE_TESTABILITY = YES;
				GCC_C_LANGUAGE_STANDARD = gnu99;
				GCC_DYNAMIC_NO_PIC = NO;
				GCC_NO_COMMON_BLOCKS = YES;
				GCC_OPTIMIZATION_LEVEL = 0;
				GCC_PREPROCESSOR_DEFINITIONS = (
					"DEBUG=1",
					"$(inherited)",
				);
				GCC_WARN_64_TO_32_BIT_CONVERSION = YES;
				GCC_WARN_ABOUT_RETURN_TYPE = YES_ERROR;
				GCC_WARN_UNDECLARED_SELECTOR = YES;
				GCC_WARN_UNINITIALIZED_AUTOS = YES_AGGRESSIVE;
				GCC_WARN_UNUSED_FUNCTION = YES;
				GCC_WARN_UNUSED_VARIABLE = YES;
				IPHONEOS_DEPLOYMENT_TARGET = 9.3;
				MTL_ENABLE_DEBUG_INFO = YES;
				ONLY_ACTIVE_ARCH = YES;
				SDKROOT = iphoneos;
			};
			name = Debug;
		};
		33141BCA1D6A90D800F69D54 /* Release */ = {
			isa = XCBuildConfiguration;
			buildSettings = {
				ALWAYS_SEARCH_USER_PATHS = NO;
				CLANG_ANALYZER_NONNULL = YES;
				CLANG_CXX_LANGUAGE_STANDARD = "gnu++0x";
				CLANG_CXX_LIBRARY = "libc++";
				CLANG_ENABLE_MODULES = YES;
				CLANG_ENABLE_OBJC_ARC = YES;
				CLANG_WARN_BOOL_CONVERSION = YES;
				CLANG_WARN_CONSTANT_CONVERSION = YES;
				CLANG_WARN_DIRECT_OBJC_ISA_USAGE = YES_ERROR;
				CLANG_WARN_EMPTY_BODY = YES;
				CLANG_WARN_ENUM_CONVERSION = YES;
				CLANG_WARN_INT_CONVERSION = YES;
				CLANG_WARN_OBJC_ROOT_CLASS = YES_ERROR;
				CLANG_WARN_UNREACHABLE_CODE = YES;
				CLANG_WARN__DUPLICATE_METHOD_MATCH = YES;
				"CODE_SIGN_IDENTITY[sdk=iphoneos*]" = "iPhone Developer";
				COPY_PHASE_STRIP = NO;
				DEBUG_INFORMATION_FORMAT = "dwarf-with-dsym";
				ENABLE_NS_ASSERTIONS = NO;
				ENABLE_STRICT_OBJC_MSGSEND = YES;
				GCC_C_LANGUAGE_STANDARD = gnu99;
				GCC_NO_COMMON_BLOCKS = YES;
				GCC_WARN_64_TO_32_BIT_CONVERSION = YES;
				GCC_WARN_ABOUT_RETURN_TYPE = YES_ERROR;
				GCC_WARN_UNDECLARED_SELECTOR = YES;
				GCC_WARN_UNINITIALIZED_AUTOS = YES_AGGRESSIVE;
				GCC_WARN_UNUSED_FUNCTION = YES;
				GCC_WARN_UNUSED_VARIABLE = YES;
				IPHONEOS_DEPLOYMENT_TARGET = 9.3;
				MTL_ENABLE_DEBUG_INFO = NO;
				SDKROOT = iphoneos;
				VALIDATE_PRODUCT = YES;
			};
			name = Release;
		};
		33141BCC1D6A90D800F69D54 /* Debug */ = {
			isa = XCBuildConfiguration;
			baseConfigurationReference = A6392CEDCEA04429B26238BE /* Pods-WWAvatarPicker.debug.xcconfig */;
			buildSettings = {
				ASSETCATALOG_COMPILER_APPICON_NAME = AppIcon;
				CODE_SIGN_IDENTITY = "iPhone Developer";
				"CODE_SIGN_IDENTITY[sdk=iphoneos*]" = "iPhone Developer";
				INFOPLIST_FILE = WWAvatarPicker/Info.plist;
				LD_RUNPATH_SEARCH_PATHS = "$(inherited) @executable_path/Frameworks";
				PRODUCT_BUNDLE_IDENTIFIER = com.waiwai.WWAvatarPicker;
				PRODUCT_NAME = "$(TARGET_NAME)";
				PROVISIONING_PROFILE = "";
			};
			name = Debug;
		};
		33141BCD1D6A90D800F69D54 /* Release */ = {
			isa = XCBuildConfiguration;
			baseConfigurationReference = D872D8B46929E0AF5588BC6A /* Pods-WWAvatarPicker.release.xcconfig */;
			buildSettings = {
				ASSETCATALOG_COMPILER_APPICON_NAME = AppIcon;
				CODE_SIGN_IDENTITY = "iPhone Developer";
				"CODE_SIGN_IDENTITY[sdk=iphoneos*]" = "iPhone Developer";
				INFOPLIST_FILE = WWAvatarPicker/Info.plist;
				LD_RUNPATH_SEARCH_PATHS = "$(inherited) @executable_path/Frameworks";
				PRODUCT_BUNDLE_IDENTIFIER = com.waiwai.WWAvatarPicker;
				PRODUCT_NAME = "$(TARGET_NAME)";
				PROVISIONING_PROFILE = "";
			};
			name = Release;
		};
/* End XCBuildConfiguration section */

/* Begin XCConfigurationList section */
		33141BAF1D6A90D800F69D54 /* Build configuration list for PBXProject "WWAvatarPicker" */ = {
			isa = XCConfigurationList;
			buildConfigurations = (
				33141BC91D6A90D800F69D54 /* Debug */,
				33141BCA1D6A90D800F69D54 /* Release */,
			);
			defaultConfigurationIsVisible = 0;
			defaultConfigurationName = Release;
		};
		33141BCB1D6A90D800F69D54 /* Build configuration list for PBXNativeTarget "WWAvatarPicker" */ = {
			isa = XCConfigurationList;
			buildConfigurations = (
				33141BCC1D6A90D800F69D54 /* Debug */,
				33141BCD1D6A90D800F69D54 /* Release */,
			);
			defaultConfigurationIsVisible = 0;
			defaultConfigurationName = Release;
		};
/* End XCConfigurationList section */
	};
	rootObject = 33141BAC1D6A90D800F69D54 /* Project object */;
}
